
Microsoft Visual Studio Solution File, Format Version 12.00
# Visual Studio Version 17
VisualStudioVersion = 17.9.34607.119
MinimumVisualStudioVersion = 10.0.40219.1
Project("{FAE04EC0-301F-11D3-BF4B-00C04F79EFBC}") = "KeycardMenagmentSystem", "KeycardMenagmentSystem.csproj", "{0FD4EFDC-AEEA-4C3C-B838-DBD2E17949D5}"
EndProject
Global
	GlobalSection(SolutionConfigurationPlatforms) = preSolution
		Debug|Any CPU = Debug|Any CPU
		Release|Any CPU = Release|Any CPU
	EndGlobalSection
	GlobalSection(ProjectConfigurationPlatforms) = postSolution
		{0FD4EFDC-AEEA-4C3C-B838-DBD2E17949D5}.Debug|Any CPU.ActiveCfg = Debug|Any CPU
		{0FD4EFDC-AEEA-4C3C-B838-DBD2E17949D5}.Debug|Any CPU.Build.0 = Debug|Any CPU
		{0FD4EFDC-AEEA-4C3C-B838-DBD2E17949D5}.Release|Any CPU.ActiveCfg = Release|Any CPU
		{0FD4EFDC-AEEA-4C3C-B838-DBD2E17949D5}.Release|Any CPU.Build.0 = Release|Any CPU
	EndGlobalSection
	GlobalSection(SolutionProperties) = preSolution
		HideSolutionNode = FALSE
	EndGlobalSection
	GlobalSection(ExtensibilityGlobals) = postSolution
		SolutionGuid = {7D05EFE3-1E51-467D-B183-7A5BD230332D}
	EndGlobalSection
EndGlobal
